
Microsoft Visual Studio Solution File, Format Version 12.00
# Visual Studio Version 17
VisualStudioVersion = 17.0.31903.59
MinimumVisualStudioVersion = 10.0.40219.1
Project("{2150E333-8FDC-42A3-9474-1A3956D46DE8}") = "src", "src", "{A425A824-126F-400A-9484-6B73E1240C7A}"
EndProject
Project("{FAE04EC0-301F-11D3-BF4B-00C04F79EFBC}") = "AudioEquipment", "src\AudioEquipment\AudioEquipment.csproj", "{7C5A7BA9-ACF9-4264-9A76-579ADAD0C99B}"
EndProject
Project("{2150E333-8FDC-42A3-9474-1A3956D46DE8}") = "tests", "tests", "{A7611DB6-9BFB-4FE2-9CBD-E27AFB29318F}"
EndProject
Project("{FAE04EC0-301F-11D3-BF4B-00C04F79EFBC}") = "AudioEquipment.Tests", "tests\AudioEquipment.Tests\AudioEquipment.Tests.csproj", "{44BA7FAC-BA6E-4E2B-B1F6-D4E763B98ACA}"
EndProject
Global
	GlobalSection(SolutionConfigurationPlatforms) = preSolution
		Debug|Any CPU = Debug|Any CPU
		Release|Any CPU = Release|Any CPU
	EndGlobalSection
	GlobalSection(SolutionProperties) = preSolution
		HideSolutionNode = FALSE
	EndGlobalSection
	GlobalSection(ProjectConfigurationPlatforms) = postSolution
		{7C5A7BA9-ACF9-4264-9A76-579ADAD0C99B}.Debug|Any CPU.ActiveCfg = Debug|Any CPU
		{7C5A7BA9-ACF9-4264-9A76-579ADAD0C99B}.Debug|Any CPU.Build.0 = Debug|Any CPU
		{7C5A7BA9-ACF9-4264-9A76-579ADAD0C99B}.Release|Any CPU.ActiveCfg = Release|Any CPU
		{7C5A7BA9-ACF9-4264-9A76-579ADAD0C99B}.Release|Any CPU.Build.0 = Release|Any CPU
		{44BA7FAC-BA6E-4E2B-B1F6-D4E763B98ACA}.Debug|Any CPU.ActiveCfg = Debug|Any CPU
		{44BA7FAC-BA6E-4E2B-B1F6-D4E763B98ACA}.Debug|Any CPU.Build.0 = Debug|Any CPU
		{44BA7FAC-BA6E-4E2B-B1F6-D4E763B98ACA}.Release|Any CPU.ActiveCfg = Release|Any CPU
		{44BA7FAC-BA6E-4E2B-B1F6-D4E763B98ACA}.Release|Any CPU.Build.0 = Release|Any CPU
	EndGlobalSection
	GlobalSection(NestedProjects) = preSolution
		{7C5A7BA9-ACF9-4264-9A76-579ADAD0C99B} = {A425A824-126F-400A-9484-6B73E1240C7A}
		{44BA7FAC-BA6E-4E2B-B1F6-D4E763B98ACA} = {A7611DB6-9BFB-4FE2-9CBD-E27AFB29318F}
	EndGlobalSection
EndGlobal
